<Solution>
  <Folder Name="/src/">
    <Project Path="src/TienDang.App/TienDang.App.csproj" />
    <Project Path="src/TienDang.Core/TienDang.Core.csproj" />
  </Folder>
  <Folder Name="/tests/">
    <Project Path="tests/TienDang.Tests/TienDang.Tests.csproj" />
    <Project Path="tests/TienDang.UiTests/TienDang.UiTests.csproj" />
    <Project Path="tests/TienDang.VideoTests/TienDang.VideoTests.csproj" />
  </Folder>
</Solution>
